{
  "name": "@rustzen/zipper",
  "version": "0.2.0",
  "lockfileVersion": 3,
  "requires": true,
  "packages": {
    "": {
      "name": "@rustzen/zipper",
      "version": "0.2.0",
      "hasInstallScript": true,
      "license": "MIT",
      "bin": {
        "rz-zip": "index.js"
      }
    }
  }
}
